
Microsoft Visual Studio Solution File, Format Version 12.00
# Visual Studio 15
VisualStudioVersion = 15.0.28307.779
MinimumVisualStudioVersion = 10.0.40219.1
Project("{FAE04EC0-301F-11D3-BF4B-00C04F79EFBC}") = "WindowsFormsAppClassesColleccions", "WindowsFormsAppClassesColleccions\WindowsFormsAppClassesColleccions.csproj", "{84876E6E-245B-4FD5-856B-1E0E4E0C6FBA}"
EndProject
Global
	GlobalSection(SolutionConfigurationPlatforms) = preSolution
		Debug|Any CPU = Debug|Any CPU
		Release|Any CPU = Release|Any CPU
	EndGlobalSection
	GlobalSection(ProjectConfigurationPlatforms) = postSolution
		{84876E6E-245B-4FD5-856B-1E0E4E0C6FBA}.Debug|Any CPU.ActiveCfg = Debug|Any CPU
		{84876E6E-245B-4FD5-856B-1E0E4E0C6FBA}.Debug|Any CPU.Build.0 = Debug|Any CPU
		{84876E6E-245B-4FD5-856B-1E0E4E0C6FBA}.Release|Any CPU.ActiveCfg = Release|Any CPU
		{84876E6E-245B-4FD5-856B-1E0E4E0C6FBA}.Release|Any CPU.Build.0 = Release|Any CPU
	EndGlobalSection
	GlobalSection(SolutionProperties) = preSolution
		HideSolutionNode = FALSE
	EndGlobalSection
	GlobalSection(ExtensibilityGlobals) = postSolution
		SolutionGuid = {2AD01685-888C-484D-96C6-7941E8C269C9}
	EndGlobalSection
EndGlobal
